# THIS IS AN AUTOGENERATED FILE. DO NOT EDIT THIS FILE DIRECTLY.
# yarn lockfile v1


"@openzeppelin/contracts-upgradeable@4.3.1":
  version "4.3.1"
  resolved "https://registry.yarnpkg.com/@openzeppelin/contracts-upgradeable/-/contracts-upgradeable-4.3.1.tgz#d2fdbacd010f9bc2228d58f9d3d3db4e49818ea6"
  integrity sha512-vqS3gb1J5xlKc+7a931a5Qmg3HDR168E6aCfPY6lPrdFZV4TymN2+HVJNCqCo+KP2UMYDtqRsXu+KB/0L0E34g==

"@openzeppelin/contracts@4.0.0-rc.0":
  version "4.0.0-rc.0"
  resolved "https://registry.yarnpkg.com/@openzeppelin/contracts/-/contracts-4.0.0-rc.0.tgz#daa9bb22dadf1d1434a96b7fa820c67357a1ac6f"
  integrity sha512-206BCKet16fUrgYE2zP6L+wtMTbPjN3GmyqSJdRXeF0qw5MdUS0TIy/p3VHVX2+btSwslDyNrB70SN70RUDJQg==

"@solidity-parser/parser@^0.12.0":
  version "0.12.0"
  resolved "https://registry.yarnpkg.com/@solidity-parser/parser/-/parser-0.12.0.tgz#18a0fb2a9d2484b23176f63b16093c64794fc323"
  integrity sha512-DT3f/Aa4tQysZwUsuqBwvr8YRJzKkvPUKV/9o2/o5EVw3xqlbzmtx4O60lTUcZdCawL+N8bBLNUyOGpHjGlJVQ==

ansi-regex@^5.0.0:
  version "5.0.0"
  resolved "https://registry.yarnpkg.com/ansi-regex/-/ansi-regex-5.0.0.tgz#388539f55179bf39339c81af30a654d69f87cb75"
  integrity sha512-bY6fj56OUQ0hU1KjFNDQuJFezqKdrAyFdIevADiqrWHwSlbmBNMHp5ak2f40Pm8JTFyM2mqxkG6ngkHO11f/lg==

dir-to-object@^2.0.0:
  version "2.0.0"
  resolved "https://registry.yarnpkg.com/dir-to-object/-/dir-to-object-2.0.0.tgz#29723e9bd1c3e58e4f307bd04ff634c0370c8f8a"
  integrity sha512-sXs0JKIhymON7T1UZuO2Ud6VTNAx/VTBXIl4+3mjb2RgfOpt+hectX0x04YqPOPdkeOAKoJuKqwqnXXURNPNEA==

emoji-regex@^8.0.0:
  version "8.0.0"
  resolved "https://registry.yarnpkg.com/emoji-regex/-/emoji-regex-8.0.0.tgz#e818fd69ce5ccfcb404594f842963bf53164cc37"
  integrity sha512-MSjYzcWNOA0ewAHpz0MxpYFvwg6yjy1NG3xteoqz644VCo/RPgnr1/GGt+ic3iJTzQ8Eu3TdM14SawnVUmGE6A==

emoji-regex@^9.2.1:
  version "9.2.2"
  resolved "https://registry.yarnpkg.com/emoji-regex/-/emoji-regex-9.2.2.tgz#840c8803b0d8047f4ff0cf963176b32d4ef3ed72"
  integrity sha512-L18DaJsXSUk2+42pv8mLs5jJT2hqFkFE4j21wOmgbUqsZ2hL72NsUU785g9RXgo3s0ZNgVl42TiHp3ZtOv/Vyg==

escape-string-regexp@^4.0.0:
  version "4.0.0"
  resolved "https://registry.yarnpkg.com/escape-string-regexp/-/escape-string-regexp-4.0.0.tgz#14ba83a5d373e3d311e5afca29cf5bfad965bf34"
  integrity sha512-TtpcNJ3XAzx3Gq8sWRzJaVajRs0uVxA2YAkdb1jm2YkPz4G6egUFAyA3n5vtEIZefPk5Wa4UXbKuS5fKkJWdgA==

is-fullwidth-code-point@^3.0.0:
  version "3.0.0"
  resolved "https://registry.yarnpkg.com/is-fullwidth-code-point/-/is-fullwidth-code-point-3.0.0.tgz#f116f8064fe90b3f7844a38997c0b75051269f1d"
  integrity sha512-zymm5+u+sCsSWyD9qNaejV3DFvhCKclKdizYaJUuHA83RLjb7nSuGnddCHGv0hk+KY7BMAlsWeK4Ueg6EV6XQg==

lru-cache@^6.0.0:
  version "6.0.0"
  resolved "https://registry.yarnpkg.com/lru-cache/-/lru-cache-6.0.0.tgz#6d6fe6570ebd96aaf90fcad1dafa3b2566db3a94"
  integrity sha512-Jo6dJ04CmSjuznwJSS3pUeWmd/H0ffTlkXXgwZi+eq1UCmqQwCh+eLsYOYCwY991i2Fah4h1BEMCx4qThGbsiA==
  dependencies:
    yallist "^4.0.0"

prettier-plugin-solidity@^1.0.0-beta.6:
  version "1.0.0-beta.6"
  resolved "https://registry.yarnpkg.com/prettier-plugin-solidity/-/prettier-plugin-solidity-1.0.0-beta.6.tgz#aa7b14a60cd6e22e46db75c84d836b569fb63f65"
  integrity sha512-WymLqd22Hl93t5+HDNLk08TAWp4i4vZMhpihuVqkwOApjCT7mH1qwhLtvf3m+NdU//qj8vrPDmMoT+xc74skcg==
  dependencies:
    "@solidity-parser/parser" "^0.12.0"
    dir-to-object "^2.0.0"
    emoji-regex "^9.2.1"
    escape-string-regexp "^4.0.0"
    prettier "^2.2.1"
    semver "^7.3.4"
    solidity-comments-extractor "^0.0.4"
    string-width "^4.2.0"

prettier@^2.2.1:
  version "2.2.1"
  resolved "https://registry.yarnpkg.com/prettier/-/prettier-2.2.1.tgz#795a1a78dd52f073da0cd42b21f9c91381923ff5"
  integrity sha512-PqyhM2yCjg/oKkFPtTGUojv7gnZAoG80ttl45O6x2Ug/rMJw4wcc9k6aaf2hibP7BGVCCM33gZoGjyvt9mm16Q==

semver@^7.3.4:
  version "7.3.4"
  resolved "https://registry.yarnpkg.com/semver/-/semver-7.3.4.tgz#27aaa7d2e4ca76452f98d3add093a72c943edc97"
  integrity sha512-tCfb2WLjqFAtXn4KEdxIhalnRtoKFN7nAwj0B3ZXCbQloV2tq5eDbcTmT68JJD3nRJq24/XgxtQKFIpQdtvmVw==
  dependencies:
    lru-cache "^6.0.0"

solidity-comments-extractor@^0.0.4:
  version "0.0.4"
  resolved "https://registry.yarnpkg.com/solidity-comments-extractor/-/solidity-comments-extractor-0.0.4.tgz#ce420aef23641ffd0131c7d80ba85b6e1e42147e"
  integrity sha512-58glBODwXIKMaQ7rfcJOrWtFQMMOK28tJ0/LcB5Xhu7WtAxk4UX2fpgKPuaL41XjMp/y0gAa1MTLqk018wuSzA==

string-width@^4.2.0:
  version "4.2.2"
  resolved "https://registry.yarnpkg.com/string-width/-/string-width-4.2.2.tgz#dafd4f9559a7585cfba529c6a0a4f73488ebd4c5"
  integrity sha512-XBJbT3N4JhVumXE0eoLU9DCjcaF92KLNqTmFCnG1pf8duUxFGwtP6AD6nkjw9a3IdiRtL3E2w3JDiE/xi3vOeA==
  dependencies:
    emoji-regex "^8.0.0"
    is-fullwidth-code-point "^3.0.0"
    strip-ansi "^6.0.0"

strip-ansi@^6.0.0:
  version "6.0.0"
  resolved "https://registry.yarnpkg.com/strip-ansi/-/strip-ansi-6.0.0.tgz#0b1571dd7669ccd4f3e06e14ef1eed26225ae532"
  integrity sha512-AuvKTrTfQNYNIctbR1K/YGTR1756GycPsg7b9bdV9Duqur4gv6aKqHXah67Z8ImS7WEz5QVcOtlfW2rZEugt6w==
  dependencies:
    ansi-regex "^5.0.0"

yallist@^4.0.0:
  version "4.0.0"
  resolved "https://registry.yarnpkg.com/yallist/-/yallist-4.0.0.tgz#9bb92790d9c0effec63be73519e11a35019a3a72"
  integrity sha512-3wdGidZyq5PB084XLES5TpOSRA3wjXAlIWMhum2kRcv/41Sn2emQ0dycQW4uZXLejwKvg6EsvbdlVL+FYEct7A==
